
Microsoft Visual Studio Solution File, Format Version 12.00
# Visual Studio Version 17
VisualStudioVersion = 17.11.35303.130
MinimumVisualStudioVersion = 10.0.40219.1
Project("{FAE04EC0-301F-11D3-BF4B-00C04F79EFBC}") = "задание1", "задание1.csproj", "{82F5425C-4388-4603-B2FE-6CF0315CF28D}"
EndProject
Global
	GlobalSection(SolutionConfigurationPlatforms) = preSolution
		Debug|Any CPU = Debug|Any CPU
		Release|Any CPU = Release|Any CPU
	EndGlobalSection
	GlobalSection(ProjectConfigurationPlatforms) = postSolution
		{82F5425C-4388-4603-B2FE-6CF0315CF28D}.Debug|Any CPU.ActiveCfg = Debug|Any CPU
		{82F5425C-4388-4603-B2FE-6CF0315CF28D}.Debug|Any CPU.Build.0 = Debug|Any CPU
		{82F5425C-4388-4603-B2FE-6CF0315CF28D}.Release|Any CPU.ActiveCfg = Release|Any CPU
		{82F5425C-4388-4603-B2FE-6CF0315CF28D}.Release|Any CPU.Build.0 = Release|Any CPU
	EndGlobalSection
	GlobalSection(SolutionProperties) = preSolution
		HideSolutionNode = FALSE
	EndGlobalSection
	GlobalSection(ExtensibilityGlobals) = postSolution
		SolutionGuid = {C91CC4D0-A787-4F5A-AB55-5A859254C8F0}
	EndGlobalSection
EndGlobal
